
Microsoft Visual Studio Solution File, Format Version 12.00
# Visual Studio Version 17
VisualStudioVersion = 17.8.34330.188
MinimumVisualStudioVersion = 10.0.40219.1
Project("{FAE04EC0-301F-11D3-BF4B-00C04F79EFBC}") = "IDrawable", "IDrawable\IDrawable.csproj", "{43F462C4-3AA9-40A6-B3C3-AC2998C2B4AE}"
EndProject
Project("{9A19103F-16F7-4668-BE54-9A1E7A4F7556}") = "SingleTon", "SingleTon\SingleTon.csproj", "{C3CFC0A8-7920-4376-830B-3019BF7CC7C7}"
EndProject
Project("{FAE04EC0-301F-11D3-BF4B-00C04F79EFBC}") = "Lab6_composite", "Lab6_composite\Lab6_composite.csproj", "{19C56FB4-AAA4-4F16-AE89-E9F77E9044A4}"
EndProject
Project("{FAE04EC0-301F-11D3-BF4B-00C04F79EFBC}") = "Lab6_Adapter", "Lab6_Adapter\Lab6_Adapter.csproj", "{2A39A234-D0EA-4A00-861E-278FB4871631}"
EndProject
Project("{FAE04EC0-301F-11D3-BF4B-00C04F79EFBC}") = "Lab6_Protection_Proxy", "Lab6_Protection_Proxy\Lab6_Protection_Proxy.csproj", "{BFB85F07-BC19-405C-81B9-A7E1628ED108}"
EndProject
Global
	GlobalSection(SolutionConfigurationPlatforms) = preSolution
		Debug|Any CPU = Debug|Any CPU
		Release|Any CPU = Release|Any CPU
	EndGlobalSection
	GlobalSection(ProjectConfigurationPlatforms) = postSolution
		{43F462C4-3AA9-40A6-B3C3-AC2998C2B4AE}.Debug|Any CPU.ActiveCfg = Debug|Any CPU
		{43F462C4-3AA9-40A6-B3C3-AC2998C2B4AE}.Debug|Any CPU.Build.0 = Debug|Any CPU
		{43F462C4-3AA9-40A6-B3C3-AC2998C2B4AE}.Release|Any CPU.ActiveCfg = Release|Any CPU
		{43F462C4-3AA9-40A6-B3C3-AC2998C2B4AE}.Release|Any CPU.Build.0 = Release|Any CPU
		{C3CFC0A8-7920-4376-830B-3019BF7CC7C7}.Debug|Any CPU.ActiveCfg = Debug|Any CPU
		{C3CFC0A8-7920-4376-830B-3019BF7CC7C7}.Debug|Any CPU.Build.0 = Debug|Any CPU
		{C3CFC0A8-7920-4376-830B-3019BF7CC7C7}.Release|Any CPU.ActiveCfg = Release|Any CPU
		{C3CFC0A8-7920-4376-830B-3019BF7CC7C7}.Release|Any CPU.Build.0 = Release|Any CPU
		{19C56FB4-AAA4-4F16-AE89-E9F77E9044A4}.Debug|Any CPU.ActiveCfg = Debug|Any CPU
		{19C56FB4-AAA4-4F16-AE89-E9F77E9044A4}.Debug|Any CPU.Build.0 = Debug|Any CPU
		{19C56FB4-AAA4-4F16-AE89-E9F77E9044A4}.Release|Any CPU.ActiveCfg = Release|Any CPU
		{19C56FB4-AAA4-4F16-AE89-E9F77E9044A4}.Release|Any CPU.Build.0 = Release|Any CPU
		{2A39A234-D0EA-4A00-861E-278FB4871631}.Debug|Any CPU.ActiveCfg = Debug|Any CPU
		{2A39A234-D0EA-4A00-861E-278FB4871631}.Debug|Any CPU.Build.0 = Debug|Any CPU
		{2A39A234-D0EA-4A00-861E-278FB4871631}.Release|Any CPU.ActiveCfg = Release|Any CPU
		{2A39A234-D0EA-4A00-861E-278FB4871631}.Release|Any CPU.Build.0 = Release|Any CPU
		{BFB85F07-BC19-405C-81B9-A7E1628ED108}.Debug|Any CPU.ActiveCfg = Debug|Any CPU
		{BFB85F07-BC19-405C-81B9-A7E1628ED108}.Debug|Any CPU.Build.0 = Debug|Any CPU
		{BFB85F07-BC19-405C-81B9-A7E1628ED108}.Release|Any CPU.ActiveCfg = Release|Any CPU
		{BFB85F07-BC19-405C-81B9-A7E1628ED108}.Release|Any CPU.Build.0 = Release|Any CPU
	EndGlobalSection
	GlobalSection(SolutionProperties) = preSolution
		HideSolutionNode = FALSE
	EndGlobalSection
	GlobalSection(ExtensibilityGlobals) = postSolution
		SolutionGuid = {433F8B06-3E32-492F-A336-C7A495006814}
	EndGlobalSection
EndGlobal
