
Microsoft Visual Studio Solution File, Format Version 12.00
# Visual Studio Version 17
VisualStudioVersion = 17.8.34330.188
MinimumVisualStudioVersion = 10.0.40219.1
Project("{FAE04EC0-301F-11D3-BF4B-00C04F79EFBC}") = "IDrawable", "IDrawable\IDrawable.csproj", "{43F462C4-3AA9-40A6-B3C3-AC2998C2B4AE}"
EndProject
Project("{FAE04EC0-301F-11D3-BF4B-00C04F79EFBC}") = "Lab6_composite", "Lab6_composite\Lab6_composite.csproj", "{19C56FB4-AAA4-4F16-AE89-E9F77E9044A4}"
EndProject
Project("{FAE04EC0-301F-11D3-BF4B-00C04F79EFBC}") = "Lab6_Adapter", "Lab6_Adapter\Lab6_Adapter.csproj", "{2A39A234-D0EA-4A00-861E-278FB4871631}"
EndProject
Project("{FAE04EC0-301F-11D3-BF4B-00C04F79EFBC}") = "Lab6_Protection_Proxy", "Lab6_Protection_Proxy\Lab6_Protection_Proxy.csproj", "{BFB85F07-BC19-405C-81B9-A7E1628ED108}"
EndProject
Project("{FAE04EC0-301F-11D3-BF4B-00C04F79EFBC}") = "Lab5_Monster", "Lab5_Monster\Lab5_Monster.csproj", "{51D0C812-82BB-44A0-9A11-A8A45B10475E}"
EndProject
Project("{FAE04EC0-301F-11D3-BF4B-00C04F79EFBC}") = "Lab4_Singleton", "Lab4_Singleton\Lab4_Singleton.csproj", "{2558D539-5B07-476A-BDF9-49E935A33211}"
EndProject
Project("{FAE04EC0-301F-11D3-BF4B-00C04F79EFBC}") = "Lab7_Decorater", "Lab7_Decorater\Lab7_Decorater.csproj", "{B7990FEF-CF85-45C7-A581-62772ECAC409}"
EndProject
Project("{FAE04EC0-301F-11D3-BF4B-00C04F79EFBC}") = "Lab8_Strategy_WF", "Lab8_Strategy_WF\Lab8_Strategy_WF.csproj", "{BABB72C2-F217-4C11-B2C0-088507D55653}"
EndProject
Project("{FAE04EC0-301F-11D3-BF4B-00C04F79EFBC}") = "Lab8_Iterator", "Lab8_Iterator\Lab8_Iterator.csproj", "{8B99F558-0C3E-4C8A-B892-4435511ADD40}"
EndProject
Project("{FAE04EC0-301F-11D3-BF4B-00C04F79EFBC}") = "Lab8_State", "Lab8_State\Lab8_State.csproj", "{8E8A8417-FD38-4806-98DF-322B65FC0774}"
EndProject
Global
	GlobalSection(SolutionConfigurationPlatforms) = preSolution
		Debug|Any CPU = Debug|Any CPU
		Release|Any CPU = Release|Any CPU
	EndGlobalSection
	GlobalSection(ProjectConfigurationPlatforms) = postSolution
		{43F462C4-3AA9-40A6-B3C3-AC2998C2B4AE}.Debug|Any CPU.ActiveCfg = Debug|Any CPU
		{43F462C4-3AA9-40A6-B3C3-AC2998C2B4AE}.Debug|Any CPU.Build.0 = Debug|Any CPU
		{43F462C4-3AA9-40A6-B3C3-AC2998C2B4AE}.Release|Any CPU.ActiveCfg = Release|Any CPU
		{43F462C4-3AA9-40A6-B3C3-AC2998C2B4AE}.Release|Any CPU.Build.0 = Release|Any CPU
		{19C56FB4-AAA4-4F16-AE89-E9F77E9044A4}.Debug|Any CPU.ActiveCfg = Debug|Any CPU
		{19C56FB4-AAA4-4F16-AE89-E9F77E9044A4}.Debug|Any CPU.Build.0 = Debug|Any CPU
		{19C56FB4-AAA4-4F16-AE89-E9F77E9044A4}.Release|Any CPU.ActiveCfg = Release|Any CPU
		{19C56FB4-AAA4-4F16-AE89-E9F77E9044A4}.Release|Any CPU.Build.0 = Release|Any CPU
		{2A39A234-D0EA-4A00-861E-278FB4871631}.Debug|Any CPU.ActiveCfg = Debug|Any CPU
		{2A39A234-D0EA-4A00-861E-278FB4871631}.Debug|Any CPU.Build.0 = Debug|Any CPU
		{2A39A234-D0EA-4A00-861E-278FB4871631}.Release|Any CPU.ActiveCfg = Release|Any CPU
		{2A39A234-D0EA-4A00-861E-278FB4871631}.Release|Any CPU.Build.0 = Release|Any CPU
		{BFB85F07-BC19-405C-81B9-A7E1628ED108}.Debug|Any CPU.ActiveCfg = Debug|Any CPU
		{BFB85F07-BC19-405C-81B9-A7E1628ED108}.Debug|Any CPU.Build.0 = Debug|Any CPU
		{BFB85F07-BC19-405C-81B9-A7E1628ED108}.Release|Any CPU.ActiveCfg = Release|Any CPU
		{BFB85F07-BC19-405C-81B9-A7E1628ED108}.Release|Any CPU.Build.0 = Release|Any CPU
		{51D0C812-82BB-44A0-9A11-A8A45B10475E}.Debug|Any CPU.ActiveCfg = Debug|Any CPU
		{51D0C812-82BB-44A0-9A11-A8A45B10475E}.Debug|Any CPU.Build.0 = Debug|Any CPU
		{51D0C812-82BB-44A0-9A11-A8A45B10475E}.Release|Any CPU.ActiveCfg = Release|Any CPU
		{51D0C812-82BB-44A0-9A11-A8A45B10475E}.Release|Any CPU.Build.0 = Release|Any CPU
		{2558D539-5B07-476A-BDF9-49E935A33211}.Debug|Any CPU.ActiveCfg = Debug|Any CPU
		{2558D539-5B07-476A-BDF9-49E935A33211}.Debug|Any CPU.Build.0 = Debug|Any CPU
		{2558D539-5B07-476A-BDF9-49E935A33211}.Release|Any CPU.ActiveCfg = Release|Any CPU
		{2558D539-5B07-476A-BDF9-49E935A33211}.Release|Any CPU.Build.0 = Release|Any CPU
		{B7990FEF-CF85-45C7-A581-62772ECAC409}.Debug|Any CPU.ActiveCfg = Debug|Any CPU
		{B7990FEF-CF85-45C7-A581-62772ECAC409}.Debug|Any CPU.Build.0 = Debug|Any CPU
		{B7990FEF-CF85-45C7-A581-62772ECAC409}.Release|Any CPU.ActiveCfg = Release|Any CPU
		{B7990FEF-CF85-45C7-A581-62772ECAC409}.Release|Any CPU.Build.0 = Release|Any CPU
		{BABB72C2-F217-4C11-B2C0-088507D55653}.Debug|Any CPU.ActiveCfg = Debug|Any CPU
		{BABB72C2-F217-4C11-B2C0-088507D55653}.Debug|Any CPU.Build.0 = Debug|Any CPU
		{BABB72C2-F217-4C11-B2C0-088507D55653}.Release|Any CPU.ActiveCfg = Release|Any CPU
		{BABB72C2-F217-4C11-B2C0-088507D55653}.Release|Any CPU.Build.0 = Release|Any CPU
		{8B99F558-0C3E-4C8A-B892-4435511ADD40}.Debug|Any CPU.ActiveCfg = Debug|Any CPU
		{8B99F558-0C3E-4C8A-B892-4435511ADD40}.Debug|Any CPU.Build.0 = Debug|Any CPU
		{8B99F558-0C3E-4C8A-B892-4435511ADD40}.Release|Any CPU.ActiveCfg = Release|Any CPU
		{8B99F558-0C3E-4C8A-B892-4435511ADD40}.Release|Any CPU.Build.0 = Release|Any CPU
		{8E8A8417-FD38-4806-98DF-322B65FC0774}.Debug|Any CPU.ActiveCfg = Debug|Any CPU
		{8E8A8417-FD38-4806-98DF-322B65FC0774}.Debug|Any CPU.Build.0 = Debug|Any CPU
		{8E8A8417-FD38-4806-98DF-322B65FC0774}.Release|Any CPU.ActiveCfg = Release|Any CPU
		{8E8A8417-FD38-4806-98DF-322B65FC0774}.Release|Any CPU.Build.0 = Release|Any CPU
	EndGlobalSection
	GlobalSection(SolutionProperties) = preSolution
		HideSolutionNode = FALSE
	EndGlobalSection
	GlobalSection(ExtensibilityGlobals) = postSolution
		SolutionGuid = {433F8B06-3E32-492F-A336-C7A495006814}
	EndGlobalSection
EndGlobal
